
Microsoft Visual Studio Solution File, Format Version 12.00
Project("{FAE04EC0-301F-11D3-BF4B-00C04F79EFBC}") = "Overflow.AppHost", "Overflow.AppHost\Overflow.AppHost.csproj", "{64F40969-132A-488E-B885-5728FDDCBF64}"
EndProject
Project("{FAE04EC0-301F-11D3-BF4B-00C04F79EFBC}") = "Overflow.ServiceDefaults", "Overflow.ServiceDefaults\Overflow.ServiceDefaults.csproj", "{3581B665-AF19-4E41-A3A9-C8D42D23103A}"
EndProject
Global
	GlobalSection(SolutionConfigurationPlatforms) = preSolution
		Debug|Any CPU = Debug|Any CPU
		Release|Any CPU = Release|Any CPU
	EndGlobalSection
	GlobalSection(ProjectConfigurationPlatforms) = postSolution
		{64F40969-132A-488E-B885-5728FDDCBF64}.Debug|Any CPU.ActiveCfg = Debug|Any CPU
		{64F40969-132A-488E-B885-5728FDDCBF64}.Debug|Any CPU.Build.0 = Debug|Any CPU
		{64F40969-132A-488E-B885-5728FDDCBF64}.Release|Any CPU.ActiveCfg = Release|Any CPU
		{64F40969-132A-488E-B885-5728FDDCBF64}.Release|Any CPU.Build.0 = Release|Any CPU
		{3581B665-AF19-4E41-A3A9-C8D42D23103A}.Debug|Any CPU.ActiveCfg = Debug|Any CPU
		{3581B665-AF19-4E41-A3A9-C8D42D23103A}.Debug|Any CPU.Build.0 = Debug|Any CPU
		{3581B665-AF19-4E41-A3A9-C8D42D23103A}.Release|Any CPU.ActiveCfg = Release|Any CPU
		{3581B665-AF19-4E41-A3A9-C8D42D23103A}.Release|Any CPU.Build.0 = Release|Any CPU
	EndGlobalSection
EndGlobal
